
Microsoft Visual Studio Solution File, Format Version 12.00
# Visual Studio Version 16
VisualStudioVersion = 16.0.30523.141
MinimumVisualStudioVersion = 10.0.40219.1
Project("{9A19103F-16F7-4668-BE54-9A1E7A4F7556}") = "BlueTiger.ElasticCache", "BlueTiger.ElasticCache\BlueTiger.ElasticCache.csproj", "{7C4AC63A-3E3D-4636-907F-0E92168A7C01}"
EndProject
Project("{9A19103F-16F7-4668-BE54-9A1E7A4F7556}") = "BlueTiger.ElasticCache.Client", "BlueTiger.ElasticCache.Client\BlueTiger.ElasticCache.Client.csproj", "{69C50A32-BB1B-4EB6-AB30-8E40BA6C2070}"
EndProject
Global
	GlobalSection(SolutionConfigurationPlatforms) = preSolution
		Debug|Any CPU = Debug|Any CPU
		Release|Any CPU = Release|Any CPU
	EndGlobalSection
	GlobalSection(ProjectConfigurationPlatforms) = postSolution
		{7C4AC63A-3E3D-4636-907F-0E92168A7C01}.Debug|Any CPU.ActiveCfg = Debug|Any CPU
		{7C4AC63A-3E3D-4636-907F-0E92168A7C01}.Debug|Any CPU.Build.0 = Debug|Any CPU
		{7C4AC63A-3E3D-4636-907F-0E92168A7C01}.Release|Any CPU.ActiveCfg = Release|Any CPU
		{7C4AC63A-3E3D-4636-907F-0E92168A7C01}.Release|Any CPU.Build.0 = Release|Any CPU
		{69C50A32-BB1B-4EB6-AB30-8E40BA6C2070}.Debug|Any CPU.ActiveCfg = Debug|Any CPU
		{69C50A32-BB1B-4EB6-AB30-8E40BA6C2070}.Debug|Any CPU.Build.0 = Debug|Any CPU
		{69C50A32-BB1B-4EB6-AB30-8E40BA6C2070}.Release|Any CPU.ActiveCfg = Release|Any CPU
		{69C50A32-BB1B-4EB6-AB30-8E40BA6C2070}.Release|Any CPU.Build.0 = Release|Any CPU
	EndGlobalSection
	GlobalSection(SolutionProperties) = preSolution
		HideSolutionNode = FALSE
	EndGlobalSection
	GlobalSection(ExtensibilityGlobals) = postSolution
		SolutionGuid = {4A61200D-A67B-4CD0-B072-157E3575CC1D}
	EndGlobalSection
EndGlobal
